
Microsoft Visual Studio Solution File, Format Version 12.00
# Visual Studio Version 16
VisualStudioVersion = 16.0.30114.105
MinimumVisualStudioVersion = 10.0.40219.1
Project("{FAE04EC0-301F-11D3-BF4B-00C04F79EFBC}") = "API", "API\API.csproj", "{947B7B15-3154-4890-95AF-471889656C5B}"
EndProject
Project("{FAE04EC0-301F-11D3-BF4B-00C04F79EFBC}") = "Core", "Core\Core.csproj", "{BE88791E-250A-4C40-A58E-336D157B40E2}"
EndProject
Project("{FAE04EC0-301F-11D3-BF4B-00C04F79EFBC}") = "Infrastructure", "Infrastructure\Infrastructure.csproj", "{7C9E4931-3A7B-4980-AC35-70A34C642508}"
EndProject
Global
	GlobalSection(SolutionConfigurationPlatforms) = preSolution
		Debug|Any CPU = Debug|Any CPU
		Debug|x64 = Debug|x64
		Debug|x86 = Debug|x86
		Release|Any CPU = Release|Any CPU
		Release|x64 = Release|x64
		Release|x86 = Release|x86
	EndGlobalSection
	GlobalSection(SolutionProperties) = preSolution
		HideSolutionNode = FALSE
	EndGlobalSection
	GlobalSection(ProjectConfigurationPlatforms) = postSolution
		{947B7B15-3154-4890-95AF-471889656C5B}.Debug|Any CPU.ActiveCfg = Debug|Any CPU
		{947B7B15-3154-4890-95AF-471889656C5B}.Debug|Any CPU.Build.0 = Debug|Any CPU
		{947B7B15-3154-4890-95AF-471889656C5B}.Debug|x64.ActiveCfg = Debug|Any CPU
		{947B7B15-3154-4890-95AF-471889656C5B}.Debug|x64.Build.0 = Debug|Any CPU
		{947B7B15-3154-4890-95AF-471889656C5B}.Debug|x86.ActiveCfg = Debug|Any CPU
		{947B7B15-3154-4890-95AF-471889656C5B}.Debug|x86.Build.0 = Debug|Any CPU
		{947B7B15-3154-4890-95AF-471889656C5B}.Release|Any CPU.ActiveCfg = Release|Any CPU
		{947B7B15-3154-4890-95AF-471889656C5B}.Release|Any CPU.Build.0 = Release|Any CPU
		{947B7B15-3154-4890-95AF-471889656C5B}.Release|x64.ActiveCfg = Release|Any CPU
		{947B7B15-3154-4890-95AF-471889656C5B}.Release|x64.Build.0 = Release|Any CPU
		{947B7B15-3154-4890-95AF-471889656C5B}.Release|x86.ActiveCfg = Release|Any CPU
		{947B7B15-3154-4890-95AF-471889656C5B}.Release|x86.Build.0 = Release|Any CPU
		{BE88791E-250A-4C40-A58E-336D157B40E2}.Debug|Any CPU.ActiveCfg = Debug|Any CPU
		{BE88791E-250A-4C40-A58E-336D157B40E2}.Debug|Any CPU.Build.0 = Debug|Any CPU
		{BE88791E-250A-4C40-A58E-336D157B40E2}.Debug|x64.ActiveCfg = Debug|Any CPU
		{BE88791E-250A-4C40-A58E-336D157B40E2}.Debug|x64.Build.0 = Debug|Any CPU
		{BE88791E-250A-4C40-A58E-336D157B40E2}.Debug|x86.ActiveCfg = Debug|Any CPU
		{BE88791E-250A-4C40-A58E-336D157B40E2}.Debug|x86.Build.0 = Debug|Any CPU
		{BE88791E-250A-4C40-A58E-336D157B40E2}.Release|Any CPU.ActiveCfg = Release|Any CPU
		{BE88791E-250A-4C40-A58E-336D157B40E2}.Release|Any CPU.Build.0 = Release|Any CPU
		{BE88791E-250A-4C40-A58E-336D157B40E2}.Release|x64.ActiveCfg = Release|Any CPU
		{BE88791E-250A-4C40-A58E-336D157B40E2}.Release|x64.Build.0 = Release|Any CPU
		{BE88791E-250A-4C40-A58E-336D157B40E2}.Release|x86.ActiveCfg = Release|Any CPU
		{BE88791E-250A-4C40-A58E-336D157B40E2}.Release|x86.Build.0 = Release|Any CPU
		{7C9E4931-3A7B-4980-AC35-70A34C642508}.Debug|Any CPU.ActiveCfg = Debug|Any CPU
		{7C9E4931-3A7B-4980-AC35-70A34C642508}.Debug|Any CPU.Build.0 = Debug|Any CPU
		{7C9E4931-3A7B-4980-AC35-70A34C642508}.Debug|x64.ActiveCfg = Debug|Any CPU
		{7C9E4931-3A7B-4980-AC35-70A34C642508}.Debug|x64.Build.0 = Debug|Any CPU
		{7C9E4931-3A7B-4980-AC35-70A34C642508}.Debug|x86.ActiveCfg = Debug|Any CPU
		{7C9E4931-3A7B-4980-AC35-70A34C642508}.Debug|x86.Build.0 = Debug|Any CPU
		{7C9E4931-3A7B-4980-AC35-70A34C642508}.Release|Any CPU.ActiveCfg = Release|Any CPU
		{7C9E4931-3A7B-4980-AC35-70A34C642508}.Release|Any CPU.Build.0 = Release|Any CPU
		{7C9E4931-3A7B-4980-AC35-70A34C642508}.Release|x64.ActiveCfg = Release|Any CPU
		{7C9E4931-3A7B-4980-AC35-70A34C642508}.Release|x64.Build.0 = Release|Any CPU
		{7C9E4931-3A7B-4980-AC35-70A34C642508}.Release|x86.ActiveCfg = Release|Any CPU
		{7C9E4931-3A7B-4980-AC35-70A34C642508}.Release|x86.Build.0 = Release|Any CPU
	EndGlobalSection
EndGlobal
